
Microsoft Visual Studio Solution File, Format Version 12.00
# Visual Studio Version 17
VisualStudioVersion = 17.7.34202.233
MinimumVisualStudioVersion = 10.0.40219.1
Project("{FAE04EC0-301F-11D3-BF4B-00C04F79EFBC}") = "MenuAnime1", "MenuAnime1\MenuAnime1.csproj", "{A33D0D03-85F6-42F7-805E-8F5CE5832037}"
EndProject
Global
	GlobalSection(SolutionConfigurationPlatforms) = preSolution
		Debug|Any CPU = Debug|Any CPU
		Release|Any CPU = Release|Any CPU
	EndGlobalSection
	GlobalSection(ProjectConfigurationPlatforms) = postSolution
		{A33D0D03-85F6-42F7-805E-8F5CE5832037}.Debug|Any CPU.ActiveCfg = Debug|Any CPU
		{A33D0D03-85F6-42F7-805E-8F5CE5832037}.Debug|Any CPU.Build.0 = Debug|Any CPU
		{A33D0D03-85F6-42F7-805E-8F5CE5832037}.Release|Any CPU.ActiveCfg = Release|Any CPU
		{A33D0D03-85F6-42F7-805E-8F5CE5832037}.Release|Any CPU.Build.0 = Release|Any CPU
	EndGlobalSection
	GlobalSection(SolutionProperties) = preSolution
		HideSolutionNode = FALSE
	EndGlobalSection
	GlobalSection(ExtensibilityGlobals) = postSolution
		SolutionGuid = {763B6A28-04B1-4AB9-B8AF-302B61223876}
	EndGlobalSection
EndGlobal
